
Microsoft Visual Studio Solution File, Format Version 12.00
# Visual Studio 15
VisualStudioVersion = 15.0.27428.2037
MinimumVisualStudioVersion = 10.0.40219.1
Project("{888888A0-9F3D-457C-B088-3A5042F75D52}") = "estimator", "estimator.pyproj", "{656464FD-A6D6-4CEE-9B80-C84F878AFB31}"
EndProject
Global
	GlobalSection(SolutionConfigurationPlatforms) = preSolution
		Debug|Any CPU = Debug|Any CPU
		Release|Any CPU = Release|Any CPU
	EndGlobalSection
	GlobalSection(ProjectConfigurationPlatforms) = postSolution
		{656464FD-A6D6-4CEE-9B80-C84F878AFB31}.Debug|Any CPU.ActiveCfg = Debug|Any CPU
		{656464FD-A6D6-4CEE-9B80-C84F878AFB31}.Release|Any CPU.ActiveCfg = Release|Any CPU
	EndGlobalSection
	GlobalSection(SolutionProperties) = preSolution
		HideSolutionNode = FALSE
	EndGlobalSection
	GlobalSection(ExtensibilityGlobals) = postSolution
		SolutionGuid = {0F19783B-3909-416E-9EA7-0DFE89BD0E52}
	EndGlobalSection
EndGlobal
